
Microsoft Visual Studio Solution File, Format Version 12.00
# Visual Studio Version 17
VisualStudioVersion = 17.0.31903.59
MinimumVisualStudioVersion = 10.0.40219.1
Project("{2150E333-8FDC-42A3-9474-1A3956D46DE8}") = "src", "src", "{827E0CD3-B72D-47B6-A68D-7590B98EB39B}"
EndProject
Project("{FAE04EC0-301F-11D3-BF4B-00C04F79EFBC}") = "EosDashboards.Api", "src\EosDashboards.Api\EosDashboards.Api.csproj", "{5DF4675A-8DA1-4B7F-AA70-0538DF9DC956}"
EndProject
Project("{FAE04EC0-301F-11D3-BF4B-00C04F79EFBC}") = "EosDashboards.Application", "src\EosDashboards.Application\EosDashboards.Application.csproj", "{1346C373-6B4B-4304-998C-5A53376346E3}"
EndProject
Project("{FAE04EC0-301F-11D3-BF4B-00C04F79EFBC}") = "EosDashboards.Domain", "src\EosDashboards.Domain\EosDashboards.Domain.csproj", "{90062D09-FF6D-430F-B50B-B330D13A5569}"
EndProject
Project("{FAE04EC0-301F-11D3-BF4B-00C04F79EFBC}") = "EosDashboards.Infrastructure", "src\EosDashboards.Infrastructure\EosDashboards.Infrastructure.csproj", "{52E388EA-DFFD-4CD3-A173-3F20C6C70EE1}"
EndProject
Project("{2150E333-8FDC-42A3-9474-1A3956D46DE8}") = "tests", "tests", "{0AB3BF05-4346-4AA6-1389-037BE0695223}"
EndProject
Project("{FAE04EC0-301F-11D3-BF4B-00C04F79EFBC}") = "EosDashboards.Application.Tests", "tests\EosDashboards.Application.Tests\EosDashboards.Application.Tests.csproj", "{E0D100A3-6F64-42C2-AE53-16387EBB7C7C}"
EndProject
Project("{FAE04EC0-301F-11D3-BF4B-00C04F79EFBC}") = "EosDashboards.ArchitectureTests", "tests\EosDashboards.ArchitectureTests\EosDashboards.ArchitectureTests.csproj", "{3FE7FA67-611D-4B8C-BAFD-313E75FDB5E0}"
EndProject
Project("{FAE04EC0-301F-11D3-BF4B-00C04F79EFBC}") = "EosDashboards.Domain.Tests", "tests\EosDashboards.Domain.Tests\EosDashboards.Domain.Tests.csproj", "{E9DC28E3-4A45-4DF8-873A-7A5721CF2FF1}"
EndProject
Project("{FAE04EC0-301F-11D3-BF4B-00C04F79EFBC}") = "EosDashboards.IntegrationTests", "tests\EosDashboards.IntegrationTests\EosDashboards.IntegrationTests.csproj", "{77A3B78B-3766-440E-88F0-1322A15ABC54}"
EndProject
Project("{2150E333-8FDC-42A3-9474-1A3956D46DE8}") = "tools", "tools", "{07C2787E-EAC7-C090-1BA3-A61EC2A24D84}"
EndProject
Project("{FAE04EC0-301F-11D3-BF4B-00C04F79EFBC}") = "EosDashboards.AdminProvisioner", "tools\EosDashboards.AdminProvisioner\EosDashboards.AdminProvisioner.csproj", "{AA4C4A05-C06D-49C7-BCB6-1B94846A27AA}"
EndProject
Global
	GlobalSection(SolutionConfigurationPlatforms) = preSolution
		Debug|Any CPU = Debug|Any CPU
		Debug|x64 = Debug|x64
		Debug|x86 = Debug|x86
		Release|Any CPU = Release|Any CPU
		Release|x64 = Release|x64
		Release|x86 = Release|x86
	EndGlobalSection
	GlobalSection(ProjectConfigurationPlatforms) = postSolution
		{5DF4675A-8DA1-4B7F-AA70-0538DF9DC956}.Debug|Any CPU.ActiveCfg = Debug|Any CPU
		{5DF4675A-8DA1-4B7F-AA70-0538DF9DC956}.Debug|Any CPU.Build.0 = Debug|Any CPU
		{5DF4675A-8DA1-4B7F-AA70-0538DF9DC956}.Debug|x64.ActiveCfg = Debug|Any CPU
		{5DF4675A-8DA1-4B7F-AA70-0538DF9DC956}.Debug|x64.Build.0 = Debug|Any CPU
		{5DF4675A-8DA1-4B7F-AA70-0538DF9DC956}.Debug|x86.ActiveCfg = Debug|Any CPU
		{5DF4675A-8DA1-4B7F-AA70-0538DF9DC956}.Debug|x86.Build.0 = Debug|Any CPU
		{5DF4675A-8DA1-4B7F-AA70-0538DF9DC956}.Release|Any CPU.ActiveCfg = Release|Any CPU
		{5DF4675A-8DA1-4B7F-AA70-0538DF9DC956}.Release|Any CPU.Build.0 = Release|Any CPU
		{5DF4675A-8DA1-4B7F-AA70-0538DF9DC956}.Release|x64.ActiveCfg = Release|Any CPU
		{5DF4675A-8DA1-4B7F-AA70-0538DF9DC956}.Release|x64.Build.0 = Release|Any CPU
		{5DF4675A-8DA1-4B7F-AA70-0538DF9DC956}.Release|x86.ActiveCfg = Release|Any CPU
		{5DF4675A-8DA1-4B7F-AA70-0538DF9DC956}.Release|x86.Build.0 = Release|Any CPU
		{1346C373-6B4B-4304-998C-5A53376346E3}.Debug|Any CPU.ActiveCfg = Debug|Any CPU
		{1346C373-6B4B-4304-998C-5A53376346E3}.Debug|Any CPU.Build.0 = Debug|Any CPU
		{1346C373-6B4B-4304-998C-5A53376346E3}.Debug|x64.ActiveCfg = Debug|Any CPU
		{1346C373-6B4B-4304-998C-5A53376346E3}.Debug|x64.Build.0 = Debug|Any CPU
		{1346C373-6B4B-4304-998C-5A53376346E3}.Debug|x86.ActiveCfg = Debug|Any CPU
		{1346C373-6B4B-4304-998C-5A53376346E3}.Debug|x86.Build.0 = Debug|Any CPU
		{1346C373-6B4B-4304-998C-5A53376346E3}.Release|Any CPU.ActiveCfg = Release|Any CPU
		{1346C373-6B4B-4304-998C-5A53376346E3}.Release|Any CPU.Build.0 = Release|Any CPU
		{1346C373-6B4B-4304-998C-5A53376346E3}.Release|x64.ActiveCfg = Release|Any CPU
		{1346C373-6B4B-4304-998C-5A53376346E3}.Release|x64.Build.0 = Release|Any CPU
		{1346C373-6B4B-4304-998C-5A53376346E3}.Release|x86.ActiveCfg = Release|Any CPU
		{1346C373-6B4B-4304-998C-5A53376346E3}.Release|x86.Build.0 = Release|Any CPU
		{90062D09-FF6D-430F-B50B-B330D13A5569}.Debug|Any CPU.ActiveCfg = Debug|Any CPU
		{90062D09-FF6D-430F-B50B-B330D13A5569}.Debug|Any CPU.Build.0 = Debug|Any CPU
		{90062D09-FF6D-430F-B50B-B330D13A5569}.Debug|x64.ActiveCfg = Debug|Any CPU
		{90062D09-FF6D-430F-B50B-B330D13A5569}.Debug|x64.Build.0 = Debug|Any CPU
		{90062D09-FF6D-430F-B50B-B330D13A5569}.Debug|x86.ActiveCfg = Debug|Any CPU
		{90062D09-FF6D-430F-B50B-B330D13A5569}.Debug|x86.Build.0 = Debug|Any CPU
		{90062D09-FF6D-430F-B50B-B330D13A5569}.Release|Any CPU.ActiveCfg = Release|Any CPU
		{90062D09-FF6D-430F-B50B-B330D13A5569}.Release|Any CPU.Build.0 = Release|Any CPU
		{90062D09-FF6D-430F-B50B-B330D13A5569}.Release|x64.ActiveCfg = Release|Any CPU
		{90062D09-FF6D-430F-B50B-B330D13A5569}.Release|x64.Build.0 = Release|Any CPU
		{90062D09-FF6D-430F-B50B-B330D13A5569}.Release|x86.ActiveCfg = Release|Any CPU
		{90062D09-FF6D-430F-B50B-B330D13A5569}.Release|x86.Build.0 = Release|Any CPU
		{52E388EA-DFFD-4CD3-A173-3F20C6C70EE1}.Debug|Any CPU.ActiveCfg = Debug|Any CPU
		{52E388EA-DFFD-4CD3-A173-3F20C6C70EE1}.Debug|Any CPU.Build.0 = Debug|Any CPU
		{52E388EA-DFFD-4CD3-A173-3F20C6C70EE1}.Debug|x64.ActiveCfg = Debug|Any CPU
		{52E388EA-DFFD-4CD3-A173-3F20C6C70EE1}.Debug|x64.Build.0 = Debug|Any CPU
		{52E388EA-DFFD-4CD3-A173-3F20C6C70EE1}.Debug|x86.ActiveCfg = Debug|Any CPU
		{52E388EA-DFFD-4CD3-A173-3F20C6C70EE1}.Debug|x86.Build.0 = Debug|Any CPU
		{52E388EA-DFFD-4CD3-A173-3F20C6C70EE1}.Release|Any CPU.ActiveCfg = Release|Any CPU
		{52E388EA-DFFD-4CD3-A173-3F20C6C70EE1}.Release|Any CPU.Build.0 = Release|Any CPU
		{52E388EA-DFFD-4CD3-A173-3F20C6C70EE1}.Release|x64.ActiveCfg = Release|Any CPU
		{52E388EA-DFFD-4CD3-A173-3F20C6C70EE1}.Release|x64.Build.0 = Release|Any CPU
		{52E388EA-DFFD-4CD3-A173-3F20C6C70EE1}.Release|x86.ActiveCfg = Release|Any CPU
		{52E388EA-DFFD-4CD3-A173-3F20C6C70EE1}.Release|x86.Build.0 = Release|Any CPU
		{E0D100A3-6F64-42C2-AE53-16387EBB7C7C}.Debug|Any CPU.ActiveCfg = Debug|Any CPU
		{E0D100A3-6F64-42C2-AE53-16387EBB7C7C}.Debug|Any CPU.Build.0 = Debug|Any CPU
		{E0D100A3-6F64-42C2-AE53-16387EBB7C7C}.Debug|x64.ActiveCfg = Debug|Any CPU
		{E0D100A3-6F64-42C2-AE53-16387EBB7C7C}.Debug|x64.Build.0 = Debug|Any CPU
		{E0D100A3-6F64-42C2-AE53-16387EBB7C7C}.Debug|x86.ActiveCfg = Debug|Any CPU
		{E0D100A3-6F64-42C2-AE53-16387EBB7C7C}.Debug|x86.Build.0 = Debug|Any CPU
		{E0D100A3-6F64-42C2-AE53-16387EBB7C7C}.Release|Any CPU.ActiveCfg = Release|Any CPU
		{E0D100A3-6F64-42C2-AE53-16387EBB7C7C}.Release|Any CPU.Build.0 = Release|Any CPU
		{E0D100A3-6F64-42C2-AE53-16387EBB7C7C}.Release|x64.ActiveCfg = Release|Any CPU
		{E0D100A3-6F64-42C2-AE53-16387EBB7C7C}.Release|x64.Build.0 = Release|Any CPU
		{E0D100A3-6F64-42C2-AE53-16387EBB7C7C}.Release|x86.ActiveCfg = Release|Any CPU
		{E0D100A3-6F64-42C2-AE53-16387EBB7C7C}.Release|x86.Build.0 = Release|Any CPU
		{3FE7FA67-611D-4B8C-BAFD-313E75FDB5E0}.Debug|Any CPU.ActiveCfg = Debug|Any CPU
		{3FE7FA67-611D-4B8C-BAFD-313E75FDB5E0}.Debug|Any CPU.Build.0 = Debug|Any CPU
		{3FE7FA67-611D-4B8C-BAFD-313E75FDB5E0}.Debug|x64.ActiveCfg = Debug|Any CPU
		{3FE7FA67-611D-4B8C-BAFD-313E75FDB5E0}.Debug|x64.Build.0 = Debug|Any CPU
		{3FE7FA67-611D-4B8C-BAFD-313E75FDB5E0}.Debug|x86.ActiveCfg = Debug|Any CPU
		{3FE7FA67-611D-4B8C-BAFD-313E75FDB5E0}.Debug|x86.Build.0 = Debug|Any CPU
		{3FE7FA67-611D-4B8C-BAFD-313E75FDB5E0}.Release|Any CPU.ActiveCfg = Release|Any CPU
		{3FE7FA67-611D-4B8C-BAFD-313E75FDB5E0}.Release|Any CPU.Build.0 = Release|Any CPU
		{3FE7FA67-611D-4B8C-BAFD-313E75FDB5E0}.Release|x64.ActiveCfg = Release|Any CPU
		{3FE7FA67-611D-4B8C-BAFD-313E75FDB5E0}.Release|x64.Build.0 = Release|Any CPU
		{3FE7FA67-611D-4B8C-BAFD-313E75FDB5E0}.Release|x86.ActiveCfg = Release|Any CPU
		{3FE7FA67-611D-4B8C-BAFD-313E75FDB5E0}.Release|x86.Build.0 = Release|Any CPU
		{E9DC28E3-4A45-4DF8-873A-7A5721CF2FF1}.Debug|Any CPU.ActiveCfg = Debug|Any CPU
		{E9DC28E3-4A45-4DF8-873A-7A5721CF2FF1}.Debug|Any CPU.Build.0 = Debug|Any CPU
		{E9DC28E3-4A45-4DF8-873A-7A5721CF2FF1}.Debug|x64.ActiveCfg = Debug|Any CPU
		{E9DC28E3-4A45-4DF8-873A-7A5721CF2FF1}.Debug|x64.Build.0 = Debug|Any CPU
		{E9DC28E3-4A45-4DF8-873A-7A5721CF2FF1}.Debug|x86.ActiveCfg = Debug|Any CPU
		{E9DC28E3-4A45-4DF8-873A-7A5721CF2FF1}.Debug|x86.Build.0 = Debug|Any CPU
		{E9DC28E3-4A45-4DF8-873A-7A5721CF2FF1}.Release|Any CPU.ActiveCfg = Release|Any CPU
		{E9DC28E3-4A45-4DF8-873A-7A5721CF2FF1}.Release|Any CPU.Build.0 = Release|Any CPU
		{E9DC28E3-4A45-4DF8-873A-7A5721CF2FF1}.Release|x64.ActiveCfg = Release|Any CPU
		{E9DC28E3-4A45-4DF8-873A-7A5721CF2FF1}.Release|x64.Build.0 = Release|Any CPU
		{E9DC28E3-4A45-4DF8-873A-7A5721CF2FF1}.Release|x86.ActiveCfg = Release|Any CPU
		{E9DC28E3-4A45-4DF8-873A-7A5721CF2FF1}.Release|x86.Build.0 = Release|Any CPU
		{77A3B78B-3766-440E-88F0-1322A15ABC54}.Debug|Any CPU.ActiveCfg = Debug|Any CPU
		{77A3B78B-3766-440E-88F0-1322A15ABC54}.Debug|Any CPU.Build.0 = Debug|Any CPU
		{77A3B78B-3766-440E-88F0-1322A15ABC54}.Debug|x64.ActiveCfg = Debug|Any CPU
		{77A3B78B-3766-440E-88F0-1322A15ABC54}.Debug|x64.Build.0 = Debug|Any CPU
		{77A3B78B-3766-440E-88F0-1322A15ABC54}.Debug|x86.ActiveCfg = Debug|Any CPU
		{77A3B78B-3766-440E-88F0-1322A15ABC54}.Debug|x86.Build.0 = Debug|Any CPU
		{77A3B78B-3766-440E-88F0-1322A15ABC54}.Release|Any CPU.ActiveCfg = Release|Any CPU
		{77A3B78B-3766-440E-88F0-1322A15ABC54}.Release|Any CPU.Build.0 = Release|Any CPU
		{77A3B78B-3766-440E-88F0-1322A15ABC54}.Release|x64.ActiveCfg = Release|Any CPU
		{77A3B78B-3766-440E-88F0-1322A15ABC54}.Release|x64.Build.0 = Release|Any CPU
		{77A3B78B-3766-440E-88F0-1322A15ABC54}.Release|x86.ActiveCfg = Release|Any CPU
		{77A3B78B-3766-440E-88F0-1322A15ABC54}.Release|x86.Build.0 = Release|Any CPU
		{AA4C4A05-C06D-49C7-BCB6-1B94846A27AA}.Debug|Any CPU.ActiveCfg = Debug|Any CPU
		{AA4C4A05-C06D-49C7-BCB6-1B94846A27AA}.Debug|Any CPU.Build.0 = Debug|Any CPU
		{AA4C4A05-C06D-49C7-BCB6-1B94846A27AA}.Debug|x64.ActiveCfg = Debug|Any CPU
		{AA4C4A05-C06D-49C7-BCB6-1B94846A27AA}.Debug|x64.Build.0 = Debug|Any CPU
		{AA4C4A05-C06D-49C7-BCB6-1B94846A27AA}.Debug|x86.ActiveCfg = Debug|Any CPU
		{AA4C4A05-C06D-49C7-BCB6-1B94846A27AA}.Debug|x86.Build.0 = Debug|Any CPU
		{AA4C4A05-C06D-49C7-BCB6-1B94846A27AA}.Release|Any CPU.ActiveCfg = Release|Any CPU
		{AA4C4A05-C06D-49C7-BCB6-1B94846A27AA}.Release|Any CPU.Build.0 = Release|Any CPU
		{AA4C4A05-C06D-49C7-BCB6-1B94846A27AA}.Release|x64.ActiveCfg = Release|Any CPU
		{AA4C4A05-C06D-49C7-BCB6-1B94846A27AA}.Release|x64.Build.0 = Release|Any CPU
		{AA4C4A05-C06D-49C7-BCB6-1B94846A27AA}.Release|x86.ActiveCfg = Release|Any CPU
		{AA4C4A05-C06D-49C7-BCB6-1B94846A27AA}.Release|x86.Build.0 = Release|Any CPU
	EndGlobalSection
	GlobalSection(SolutionProperties) = preSolution
		HideSolutionNode = FALSE
	EndGlobalSection
	GlobalSection(NestedProjects) = preSolution
		{5DF4675A-8DA1-4B7F-AA70-0538DF9DC956} = {827E0CD3-B72D-47B6-A68D-7590B98EB39B}
		{1346C373-6B4B-4304-998C-5A53376346E3} = {827E0CD3-B72D-47B6-A68D-7590B98EB39B}
		{90062D09-FF6D-430F-B50B-B330D13A5569} = {827E0CD3-B72D-47B6-A68D-7590B98EB39B}
		{52E388EA-DFFD-4CD3-A173-3F20C6C70EE1} = {827E0CD3-B72D-47B6-A68D-7590B98EB39B}
		{E0D100A3-6F64-42C2-AE53-16387EBB7C7C} = {0AB3BF05-4346-4AA6-1389-037BE0695223}
		{3FE7FA67-611D-4B8C-BAFD-313E75FDB5E0} = {0AB3BF05-4346-4AA6-1389-037BE0695223}
		{E9DC28E3-4A45-4DF8-873A-7A5721CF2FF1} = {0AB3BF05-4346-4AA6-1389-037BE0695223}
		{77A3B78B-3766-440E-88F0-1322A15ABC54} = {0AB3BF05-4346-4AA6-1389-037BE0695223}
		{AA4C4A05-C06D-49C7-BCB6-1B94846A27AA} = {07C2787E-EAC7-C090-1BA3-A61EC2A24D84}
	EndGlobalSection
EndGlobal
